
Microsoft Visual Studio Solution File, Format Version 12.00
# Visual Studio Version 17
VisualStudioVersion = 17.8.34330.188
MinimumVisualStudioVersion = 10.0.40219.1
Project("{FAE04EC0-301F-11D3-BF4B-00C04F79EFBC}") = "webapi", "CV_Victor_Arevalo\webapi.csproj", "{1F4A3945-6042-4C12-BCED-5DA2B13A063E}"
EndProject
Global
	GlobalSection(SolutionConfigurationPlatforms) = preSolution
		Debug|Any CPU = Debug|Any CPU
		Release|Any CPU = Release|Any CPU
	EndGlobalSection
	GlobalSection(ProjectConfigurationPlatforms) = postSolution
		{1F4A3945-6042-4C12-BCED-5DA2B13A063E}.Debug|Any CPU.ActiveCfg = Debug|Any CPU
		{1F4A3945-6042-4C12-BCED-5DA2B13A063E}.Debug|Any CPU.Build.0 = Debug|Any CPU
		{1F4A3945-6042-4C12-BCED-5DA2B13A063E}.Release|Any CPU.ActiveCfg = Release|Any CPU
		{1F4A3945-6042-4C12-BCED-5DA2B13A063E}.Release|Any CPU.Build.0 = Release|Any CPU
	EndGlobalSection
	GlobalSection(SolutionProperties) = preSolution
		HideSolutionNode = FALSE
	EndGlobalSection
	GlobalSection(ExtensibilityGlobals) = postSolution
		SolutionGuid = {D9EB1870-87C8-48DF-9226-BD7E8DD64701}
	EndGlobalSection
EndGlobal
